
Microsoft Visual Studio Solution File, Format Version 12.00
# Visual Studio 14
VisualStudioVersion = 14.0.24720.0
MinimumVisualStudioVersion = 10.0.40219.1
Project("{FAE04EC0-301F-11D3-BF4B-00C04F79EFBC}") = "MyRX", "MyRX\MyRX.csproj", "{741F0615-000B-46F3-B82C-80FAEC15B8C6}"
EndProject
Project("{FAE04EC0-301F-11D3-BF4B-00C04F79EFBC}") = "Concurrency_Pitfalls", "Concurrency_Pitfalls\Concurrency_Pitfalls.csproj", "{60FE0FF8-30D1-440B-8BA6-7DF436464998}"
EndProject
Global
	GlobalSection(SolutionConfigurationPlatforms) = preSolution
		Debug|Any CPU = Debug|Any CPU
		Release|Any CPU = Release|Any CPU
	EndGlobalSection
	GlobalSection(ProjectConfigurationPlatforms) = postSolution
		{741F0615-000B-46F3-B82C-80FAEC15B8C6}.Debug|Any CPU.ActiveCfg = Debug|Any CPU
		{741F0615-000B-46F3-B82C-80FAEC15B8C6}.Debug|Any CPU.Build.0 = Debug|Any CPU
		{741F0615-000B-46F3-B82C-80FAEC15B8C6}.Release|Any CPU.ActiveCfg = Release|Any CPU
		{741F0615-000B-46F3-B82C-80FAEC15B8C6}.Release|Any CPU.Build.0 = Release|Any CPU
		{60FE0FF8-30D1-440B-8BA6-7DF436464998}.Debug|Any CPU.ActiveCfg = Debug|Any CPU
		{60FE0FF8-30D1-440B-8BA6-7DF436464998}.Debug|Any CPU.Build.0 = Debug|Any CPU
		{60FE0FF8-30D1-440B-8BA6-7DF436464998}.Release|Any CPU.ActiveCfg = Release|Any CPU
		{60FE0FF8-30D1-440B-8BA6-7DF436464998}.Release|Any CPU.Build.0 = Release|Any CPU
	EndGlobalSection
	GlobalSection(SolutionProperties) = preSolution
		HideSolutionNode = FALSE
	EndGlobalSection
EndGlobal
